<?xml version="1.0" encoding="utf-8"?>
<Project ToolsVersion="4.0" xmlns="http://schemas.microsoft.com/developer/msbuild/2003">
  <ItemGroup>
    <Filter Include="Source Files">
      <UniqueIdentifier>{4FC737F1-C7A5-4376-A066-2A32D752A2FF}</UniqueIdentifier>
      <Extensions>cpp;c;cc;cxx;def;odl;idl;hpj;bat;asm;asmx</Extensions>
    </Filter>
    <Filter Include="Header Files">
      <UniqueIdentifier>{93995380-89BD-4b04-88EB-625FBE52EBFB}</UniqueIdentifier>
      <Extensions>h;hh;hpp;hxx;hm;inl;inc;xsd</Extensions>
    </Filter>
    <Filter Include="shaders">
      <UniqueIdentifier>{8b029337-e266-49ca-91be-c8f5f633441c}</UniqueIdentifier>
    </Filter>
    <Filter Include="Resource Files">
      <UniqueIdentifier>{67DA6AB6-F800-4c08-8B7A-83BB121AAD01}</UniqueIdentifier>
      <Extensions>rc;ico;cur;bmp;dlg;rc2;rct;bin;rgs;gif;jpg;jpeg;jpe;resx;tiff;tif;png;wav;mfcribbon-ms</Extensions>
    </Filter>
    <Filter Include="Header Files\Post Proccessing">
      <UniqueIdentifier>{341d67be-2e24-49cd-ab88-92b896a74923}</UniqueIdentifier>
    </Filter>
    <Filter Include="Source Files\Post Proccessing">
      <UniqueIdentifier>{715bce90-8081-434e-ab16-01a4f2722f9c}</UniqueIdentifier>
    </Filter>
    <Filter Include="shaders\Tessellation">
      <UniqueIdentifier>{8d065e93-6772-4858-ae45-99bd578ceacd}</UniqueIdentifier>
    </Filter>
    <Filter Include="shaders\PostProcessing">
      <UniqueIdentifier>{5a3697e6-10e0-4d75-ab1b-3874a2b72fdf}</UniqueIdentifier>
    </Filter>
    <Filter Include="Source Files\Depth">
      <UniqueIdentifier>{33949947-e2fe-4ac2-b5cd-435cd99db3a2}</UniqueIdentifier>
    </Filter>
    <Filter Include="Header Files\Depth">
      <UniqueIdentifier>{60554962-74f7-4a51-b66d-b9f33653255b}</UniqueIdentifier>
    </Filter>
    <Filter Include="shaders\Depth">
      <UniqueIdentifier>{7027bcbf-87b3-429c-9c1d-7a5b961a12b0}</UniqueIdentifier>
    </Filter>
    <Filter Include="shaders\SHadow">
      <UniqueIdentifier>{4f803bb2-59ab-4bd1-b8b3-fb57b91c1198}</UniqueIdentifier>
    </Filter>
    <Filter Include="Header Files\Terrain">
      <UniqueIdentifier>{fdc0de2d-c597-4811-bdf7-0d4f0ccb9cf8}</UniqueIdentifier>
    </Filter>
    <Filter Include="shaders\Terrain">
      <UniqueIdentifier>{3553f8bb-45d4-4ede-8a91-3a0705975836}</UniqueIdentifier>
    </Filter>
  </ItemGroup>
  <ItemGroup>
    <Object Include="M:\Third Year\Shaders\Shaders\res\drone.obj">
      <Filter>Resource Files</Filter>
    </Object>
    <Object Include="M:\Third Year\Shaders\Shaders\res\ScaleBot.obj">
      <Filter>Resource Files</Filter>
    </Object>
    <Object Include="M:\Third Year\Shaders\Shaders\res\Sphere.obj">
      <Filter>Resource Files</Filter>
    </Object>
    <Object Include="M:\Third Year\Shaders\Shaders\res\sphere2.obj">
      <Filter>Resource Files</Filter>
    </Object>
    <Object Include="M:\Third Year\Shaders\Shaders\res\teapot.obj">
      <Filter>Resource Files</Filter>
    </Object>
  </ItemGroup>
  <ItemGroup>
    <Image Include="M:\Third Year\Shaders\Shaders\res\EvilDrone_Diff.jpg">
      <Filter>Resource Files</Filter>
    </Image>
    <Image Include="M:\Third Year\Shaders\Shaders\res\brick1.dds">
      <Filter>Resource Files</Filter>
    </Image>
    <Image Include="M:\Third Year\Shaders\Shaders\res\bunny.png">
      <Filter>Resource Files</Filter>
    </Image>
    <Image Include="M:\Third Year\Shaders\Shaders\res\checkerboard.jpg">
      <Filter>Resource Files</Filter>
    </Image>
    <Image Include="M:\Third Year\Shaders\Shaders\res\checkerboard.png">
      <Filter>Resource Files</Filter>
    </Image>
    <Image Include="M:\Third Year\Shaders\Shaders\res\DefaultDiffuse.png">
      <Filter>Resource Files</Filter>
    </Image>
  </ItemGroup>
  <ItemGroup>
    <ClCompile Include="App1.cpp">
      <Filter>Source Files</Filter>
    </ClCompile>
    <ClCompile Include="Main.cpp">
      <Filter>Source Files</Filter>
    </ClCompile>
    <ClCompile Include="VertexShader.cpp">
      <Filter>Source Files</Filter>
    </ClCompile>
    <ClCompile Include="TextureShader.cpp">
      <Filter>Source Files</Filter>
    </ClCompile>
    <ClCompile Include="BoxBlurShader.cpp">
      <Filter>Source Files</Filter>
    </ClCompile>
    <ClCompile Include="TessellationShader.cpp">
      <Filter>Source Files</Filter>
    </ClCompile>
    <ClCompile Include="VerticalBlurShader.cpp">
      <Filter>Source Files</Filter>
    </ClCompile>
    <ClCompile Include="HorizontalBlurShader.cpp">
      <Filter>Source Files</Filter>
    </ClCompile>
    <ClCompile Include="PostProcessingBase.cpp">
      <Filter>Source Files\Post Proccessing</Filter>
    </ClCompile>
    <ClCompile Include="PostProccessBoxBlur.cpp">
      <Filter>Source Files\Post Proccessing</Filter>
    </ClCompile>
    <ClCompile Include="PostProccessingDownScale.cpp">
      <Filter>Source Files\Post Proccessing</Filter>
    </ClCompile>
    <ClCompile Include="PostProcessing.cpp">
      <Filter>Source Files\Post Proccessing</Filter>
    </ClCompile>
    <ClCompile Include="PostProccessingUpScale.cpp">
      <Filter>Source Files\Post Proccessing</Filter>
    </ClCompile>
    <ClCompile Include="ShadowShader.cpp">
      <Filter>Source Files</Filter>
    </ClCompile>
    <ClCompile Include="DepthShader.cpp">
      <Filter>Source Files\Depth</Filter>
    </ClCompile>
    <ClCompile Include="GeomentryShader.cpp">
      <Filter>Source Files</Filter>
    </ClCompile>
    <ClCompile Include="ChromaticAberrationsShader.cpp">
      <Filter>Source Files</Filter>
    </ClCompile>
    <ClCompile Include="PostProcessingChromaticAberration.cpp">
      <Filter>Source Files</Filter>
    </ClCompile>
    <ClCompile Include="PostProcessingGaussianBlur.cpp">
      <Filter>Source Files</Filter>
    </ClCompile>
    <ClCompile Include="HeightMap.cpp">
      <Filter>Source Files</Filter>
    </ClCompile>
    <ClCompile Include="TerrainGenerator.cpp">
      <Filter>Source Files</Filter>
    </ClCompile>
  </ItemGroup>
  <ItemGroup>
    <ClInclude Include="App1.h">
      <Filter>Header Files</Filter>
    </ClInclude>
    <ClInclude Include="VertexShader.h">
      <Filter>Header Files</Filter>
    </ClInclude>
    <ClInclude Include="TextureShader.h">
      <Filter>Header Files</Filter>
    </ClInclude>
    <ClInclude Include="BoxBlurShader.h">
      <Filter>Header Files</Filter>
    </ClInclude>
    <ClInclude Include="TessellationShader.h">
      <Filter>Header Files</Filter>
    </ClInclude>
    <ClInclude Include="HorizontalBlurShader.h">
      <Filter>Header Files</Filter>
    </ClInclude>
    <ClInclude Include="VerticalBlurShader.h">
      <Filter>Header Files</Filter>
    </ClInclude>
    <ClInclude Include="PostProcessingBase.h">
      <Filter>Header Files\Post Proccessing</Filter>
    </ClInclude>
    <ClInclude Include="PostProccessBoxBlur.h">
      <Filter>Header Files\Post Proccessing</Filter>
    </ClInclude>
    <ClInclude Include="PostProccessingDownScale.h">
      <Filter>Header Files\Post Proccessing</Filter>
    </ClInclude>
    <ClInclude Include="PostProcessing.h">
      <Filter>Header Files\Post Proccessing</Filter>
    </ClInclude>
    <ClInclude Include="PostProccessingUpScale.h">
      <Filter>Header Files\Post Proccessing</Filter>
    </ClInclude>
    <ClInclude Include="ShadowShader.h">
      <Filter>Header Files</Filter>
    </ClInclude>
    <ClInclude Include="DepthShader.h">
      <Filter>Header Files\Depth</Filter>
    </ClInclude>
    <ClInclude Include="GeomentryShader.h">
      <Filter>Header Files</Filter>
    </ClInclude>
    <ClInclude Include="ChromaticAberrationsShader.h">
      <Filter>Header Files</Filter>
    </ClInclude>
    <ClInclude Include="PostProcessingChromaticAberration.h">
      <Filter>Header Files</Filter>
    </ClInclude>
    <ClInclude Include="PostProcessingGaussianBlur.h">
      <Filter>Header Files</Filter>
    </ClInclude>
    <ClInclude Include="resource.h">
      <Filter>Header Files</Filter>
    </ClInclude>
    <ClInclude Include="HeightMap.h">
      <Filter>Header Files\Terrain</Filter>
    </ClInclude>
    <ClInclude Include="TerrainGenerator.h">
      <Filter>Header Files</Filter>
    </ClInclude>
  </ItemGroup>
  <ItemGroup>
    <FxCompile Include="shaders\vertexManipulationSpec_ps.hlsl">
      <Filter>shaders</Filter>
    </FxCompile>
    <FxCompile Include="shaders\vertexManipulationSpec_vs.hlsl">
      <Filter>shaders</Filter>
    </FxCompile>
    <FxCompile Include="shaders\texture_ps.hlsl">
      <Filter>shaders</Filter>
    </FxCompile>
    <FxCompile Include="shaders\texture_vs.hlsl">
      <Filter>shaders</Filter>
    </FxCompile>
    <FxCompile Include="shaders\tessellation_ds.hlsl">
      <Filter>shaders\Tessellation</Filter>
    </FxCompile>
    <FxCompile Include="shaders\tessellation_hs.hlsl">
      <Filter>shaders\Tessellation</Filter>
    </FxCompile>
    <FxCompile Include="shaders\tessellation_ps.hlsl">
      <Filter>shaders\Tessellation</Filter>
    </FxCompile>
    <FxCompile Include="shaders\tessellation_vs.hlsl">
      <Filter>shaders\Tessellation</Filter>
    </FxCompile>
    <FxCompile Include="shaders\boxBlur_ps.hlsl">
      <Filter>shaders\PostProcessing</Filter>
    </FxCompile>
    <FxCompile Include="shaders\boxBlur_vs.hlsl">
      <Filter>shaders\PostProcessing</Filter>
    </FxCompile>
    <FxCompile Include="shaders\horizontalBlur_ps.hlsl">
      <Filter>shaders\PostProcessing</Filter>
    </FxCompile>
    <FxCompile Include="shaders\horizontalBlur_vs.hlsl">
      <Filter>shaders\PostProcessing</Filter>
    </FxCompile>
    <FxCompile Include="shaders\verticalBlur_vs.hlsl">
      <Filter>shaders\PostProcessing</Filter>
    </FxCompile>
    <FxCompile Include="shaders\verticalBlur_ps.hlsl">
      <Filter>shaders\PostProcessing</Filter>
    </FxCompile>
    <FxCompile Include="shaders\depth_ps.hlsl">
      <Filter>shaders\Depth</Filter>
    </FxCompile>
    <FxCompile Include="shaders\depth_vs.hlsl">
      <Filter>shaders\Depth</Filter>
    </FxCompile>
    <FxCompile Include="shaders\shadow_ps.hlsl">
      <Filter>shaders\SHadow</Filter>
    </FxCompile>
    <FxCompile Include="shaders\shadow_vs.hlsl">
      <Filter>shaders\SHadow</Filter>
    </FxCompile>
    <FxCompile Include="shaders\Geometry_Triangle_ps.hlsl">
      <Filter>shaders</Filter>
    </FxCompile>
    <FxCompile Include="shaders\Geometry_Triangle_vs.hlsl">
      <Filter>shaders</Filter>
    </FxCompile>
    <FxCompile Include="shaders\Geometry_Triangle_gs.hlsl">
      <Filter>shaders</Filter>
    </FxCompile>
    <FxCompile Include="shaders\ChromaticAberration_ps.hlsl">
      <Filter>shaders\PostProcessing</Filter>
    </FxCompile>
    <FxCompile Include="shaders\ChromaticAberration_vs.hlsl">
      <Filter>shaders\PostProcessing</Filter>
    </FxCompile>
    <FxCompile Include="shaders\TerrainGenerator_ps.hlsl">
      <Filter>shaders\Terrain</Filter>
    </FxCompile>
    <FxCompile Include="shaders\TerrainGenerator_vs.hlsl">
      <Filter>shaders\Terrain</Filter>
    </FxCompile>
    <FxCompile Include="shaders\TerrainGenerator_gs.hlsl">
      <Filter>shaders\Terrain</Filter>
    </FxCompile>
    <FxCompile Include="shaders\TerrainGenerator_ds.hlsl">
      <Filter>shaders\Terrain</Filter>
    </FxCompile>
    <FxCompile Include="shaders\TerrainGenerator_hs.hlsl">
      <Filter>shaders\Tessellation</Filter>
    </FxCompile>
  </ItemGroup>
  <ItemGroup>
    <None Include="imgui.ini" />
  </ItemGroup>
</Project>